	<Project xmlns="http://schemas.microsoft.com/developer/msbuild/2003">
		<PropertyGroup>
			<ProjectGuid>{603DFA37-AB24-4F4C-BE53-2EF460490687}</ProjectGuid>
			<ProjectVersion>14.6</ProjectVersion>
			<FrameworkType>VCL</FrameworkType>
			<MainSource>pic18x_include_file_generator.dpr</MainSource>
			<Base>True</Base>
			<Config Condition="'$(Config)'==''">Debug</Config>
			<Platform Condition="'$(Platform)'==''">Win32</Platform>
			<TargetedPlatforms>1</TargetedPlatforms>
			<AppType>Application</AppType>
			<Platform>Win32</Platform>
			<DCC_DCCCompiler>DCC32</DCC_DCCCompiler>
		</PropertyGroup>
		<PropertyGroup Condition="'$(Config)'=='Base' or '$(Base)'!=''">
			<Base>true</Base>
		</PropertyGroup>
		<PropertyGroup Condition="'$(Config)'=='Debug' or '$(Cfg_1)'!=''">
			<Cfg_1>true</Cfg_1>
			<CfgParent>Base</CfgParent>
			<Base>true</Base>
		</PropertyGroup>
		<PropertyGroup Condition="'$(Platform)'=='Win32' and '$(Cfg_1)'=='true' or '$(Cfg_1_Win32)'!=''">
			<Cfg_1_Win32>true</Cfg_1_Win32>
			<CfgParent>Cfg_1</CfgParent>
			<Cfg_1>true</Cfg_1>
			<Base>true</Base>
		</PropertyGroup>
		<PropertyGroup Condition="'$(Config)'=='Release' or '$(Cfg_2)'!=''">
			<Cfg_2>true</Cfg_2>
			<CfgParent>Base</CfgParent>
			<Base>true</Base>
		</PropertyGroup>
		<PropertyGroup Condition="'$(Base)'!=''">
			<DCC_UsePackage>vcl;vclx;VclSmp;rtl;vclimg;svnui;svn;bdertl;TeeUI;Tee;TeeDB;vclactnband;vcldb;dbrtl;vcldbx;vcltouch;xmlrtl;dsnap;dsnapcon;adortl;IndyCore;IndySystem;IndyProtocols;vclie;inet;inetdb;webdsnap;websnap;inetdbbde;inetdbxpress;soaprtl;dbexpress;DbxCommonDriver;DbxClientDriver;AzureCloud;DBXInterBaseDriver;DBXMySQLDriver;dbxcds;CodeSiteExpressVcl;adsdxestudio;madBasic_;madDisAsm_;madExcept_</DCC_UsePackage>
			<DCC_Namespace>System;Xml;Data;Datasnap;Web;Soap;Vcl;Vcl.Imaging;Vcl.Touch;Vcl.Samples;Vcl.Shell;$(DCC_Namespace)</DCC_Namespace>
			<Icon_MainIcon>$(BDS)\bin\delphi_PROJECTICON.ico</Icon_MainIcon>
			<DCC_DcuOutput>.\$(Platform)\$(Config)</DCC_DcuOutput>
			<DCC_ExeOutput>.\$(Platform)\$(Config)</DCC_ExeOutput>
			<DCC_E>false</DCC_E>
			<DCC_N>false</DCC_N>
			<DCC_S>false</DCC_S>
			<DCC_F>false</DCC_F>
			<DCC_K>false</DCC_K>
		</PropertyGroup>
		<PropertyGroup Condition="'$(Cfg_1)'!=''">
			<DCC_Define>DEBUG;$(DCC_Define)</DCC_Define>
			<DCC_DebugDCUs>true</DCC_DebugDCUs>
			<DCC_Optimize>false</DCC_Optimize>
			<DCC_GenerateStackFrames>true</DCC_GenerateStackFrames>
			<DCC_DebugInfoInExe>true</DCC_DebugInfoInExe>
			<DCC_RemoteDebug>true</DCC_RemoteDebug>
		</PropertyGroup>
		<PropertyGroup Condition="'$(Cfg_1_Win32)'!=''">
			<DCC_RangeChecking>true</DCC_RangeChecking>
			<DCC_IntegerOverflowCheck>true</DCC_IntegerOverflowCheck>
			<DCC_ExeOutput>..\..\..\bin</DCC_ExeOutput>
			<DCC_UnitSearchPath>..\..\lib;..\..\lib\fastmm;..\..\lib\mparith;..\..\lib\PerlRegEx;..\..\cpc_core;..\common;$(DCC_UnitSearchPath)</DCC_UnitSearchPath>
			<DCC_DcuOutput>..\..\..\obj\</DCC_DcuOutput>
		</PropertyGroup>
		<PropertyGroup Condition="'$(Cfg_2)'!=''">
			<DCC_LocalDebugSymbols>false</DCC_LocalDebugSymbols>
			<DCC_Define>RELEASE;$(DCC_Define)</DCC_Define>
			<DCC_SymbolReferenceInfo>0</DCC_SymbolReferenceInfo>
			<DCC_DebugInformation>false</DCC_DebugInformation>
		</PropertyGroup>
		<ItemGroup>
			<DelphiCompile Include="pic18x_include_file_generator.dpr">
				<MainSource>MainSource</MainSource>
			</DelphiCompile>
			<DCCReference Include="main_form_unit.pas">
				<Form>MainForm</Form>
			</DCCReference>
			<DCCReference Include="pic18x_typedef_unit.pas"/>
			<DCCReference Include="pic_file_parser_unit.pas"/>
			<DCCReference Include="processing_frame_unit.pas">
				<FormType>dfm</FormType>
				<Form>ProcessingFrame</Form>
				<DesignClass>TFrame</DesignClass>
			</DCCReference>
			<DCCReference Include="pic18x_information_unit.pas"/>
			<DCCReference Include="pic18x_interrupt_variable_unit.pas"/>
			<DCCReference Include="process_pic_file_unit.pas"/>
			<DCCReference Include="pic18x_config_bits_unit.pas"/>
			<DCCReference Include="pic18x_ioreg_unit.pas"/>
			<DCCReference Include="..\..\lib\win32_utils.pas"/>
			<DCCReference Include="multi_threaded_processing_dialog_base_class_unit.pas">
				<Form>MultiThreadedProcessingDialogBaseClass</Form>
			</DCCReference>
			<DCCReference Include="pic18x_16bit_timer_unit.pas"/>
			<DCCReference Include="pic18x_dataspace_unit.pas"/>
			<DCCReference Include="..\common\pic18x_selection_dialog_unit.pas">
				<Form>Pic18xSelectionDialog</Form>
			</DCCReference>
			<DCCReference Include="file_viewer_unit.pas">
				<Form>FileViewerForm</Form>
			</DCCReference>
			<DCCReference Include="common_unit.pas"/>
			<DCCReference Include="combo_type_dialog_unit.pas">
				<Form>ComboTypeDialog</Form>
			</DCCReference>
			<DCCReference Include="combo_type_sfr_pattern_frame_unit.pas">
				<Form>ComboTypeSFRPatternFrame</Form>
				<DesignClass>TFrame</DesignClass>
			</DCCReference>
			<DCCReference Include="all_pic18x_sfr_field_info_unit.pas"/>
			<DCCReference Include="combo_type_unit.pas"/>
			<DCCReference Include="select_combo_type_dlg_unit.pas">
				<Form>SelectComboTypeDlg</Form>
			</DCCReference>
			<DCCReference Include="fieldname_fixup_frame_unit.pas">
				<Form>FieldnameFixupFrame</Form>
				<DesignClass>TFrame</DesignClass>
			</DCCReference>
			<DCCReference Include="choose_c_variable_listing_unit.pas">
				<Form>ChooseCOrAssemblyTypeListingForm</Form>
			</DCCReference>
			<DCCReference Include="process_all_pic_files_dlg_unit.pas">
				<Form>ProcessAllPICFilesDlg</Form>
			</DCCReference>
			<DCCReference Include="syntax_check_all_include_files_dialog_unit.pas">
				<FormType>dfm</FormType>
				<Form>SyntaxCheckAllIncludeFilesDialog</Form>
			</DCCReference>
			<DCCReference Include="add_field_frame_unit.pas">
				<FormType>dfm</FormType>
				<Form>AddFieldFrame</Form>
				<DesignClass>TFrame</DesignClass>
			</DCCReference>
			<DCCReference Include="..\..\lib\LibXmlComps.pas"/>
			<DCCReference Include="..\..\lib\LibXmlParser.pas"/>
			<DCCReference Include="view_c_declarations_unit.pas">
				<Form>ViewCDeclarationsForm</Form>
			</DCCReference>
			<DCCReference Include="..\..\cpc_core\cpc_access_unit.pas"/>
			<DCCReference Include="..\..\cpc_core\cpc_blocks_unit.pas"/>
			<DCCReference Include="..\..\cpc_core\cpc_common_unit.pas"/>
			<DCCReference Include="..\..\cpc_core\cpc_constant_expression_unit.pas"/>
			<DCCReference Include="..\..\cpc_core\cpc_core_objects_unit.pas"/>
			<DCCReference Include="..\..\cpc_core\cpc_definitions_unit.pas"/>
			<DCCReference Include="..\..\cpc_core\cpc_expressions_unit.pas"/>
			<DCCReference Include="..\..\cpc_core\cpc_multi_precision_integer_unit.pas"/>
			<DCCReference Include="..\..\cpc_core\cpc_simple_expression_unit.pas"/>
			<DCCReference Include="..\..\cpc_core\cpc_source_analysis_unit.pas"/>
			<DCCReference Include="..\..\cpc_core\cpc_statements_unit.pas"/>
			<DCCReference Include="..\..\cpc_core\cpc_target_cpu_unit.pas"/>
			<DCCReference Include="..\..\cpc_core\cpc_term_expression_unit.pas"/>
			<DCCReference Include="..\..\cpc_core\cpc_types_unit.pas"/>
			<BuildConfiguration Include="Release">
				<Key>Cfg_2</Key>
				<CfgParent>Base</CfgParent>
			</BuildConfiguration>
			<BuildConfiguration Include="Base">
				<Key>Base</Key>
			</BuildConfiguration>
			<BuildConfiguration Include="Debug">
				<Key>Cfg_1</Key>
				<CfgParent>Base</CfgParent>
			</BuildConfiguration>
		</ItemGroup>
		<Import Condition="Exists('$(BDS)\Bin\CodeGear.Delphi.Targets')" Project="$(BDS)\Bin\CodeGear.Delphi.Targets"/>
		<Import Condition="Exists('$(APPDATA)\Embarcadero\$(BDSAPPDATABASEDIR)\$(PRODUCTVERSION)\UserTools.proj')" Project="$(APPDATA)\Embarcadero\$(BDSAPPDATABASEDIR)\$(PRODUCTVERSION)\UserTools.proj"/>
		<ProjectExtensions>
			<Borland.Personality>Delphi.Personality.12</Borland.Personality>
			<Borland.ProjectType/>
			<BorlandProject>
				<Delphi.Personality>
					<VersionInfo>
						<VersionInfo Name="IncludeVerInfo">True</VersionInfo>
						<VersionInfo Name="AutoIncBuild">False</VersionInfo>
						<VersionInfo Name="MajorVer">1</VersionInfo>
						<VersionInfo Name="MinorVer">0</VersionInfo>
						<VersionInfo Name="Release">0</VersionInfo>
						<VersionInfo Name="Build">10</VersionInfo>
						<VersionInfo Name="Debug">False</VersionInfo>
						<VersionInfo Name="PreRelease">False</VersionInfo>
						<VersionInfo Name="Special">False</VersionInfo>
						<VersionInfo Name="Private">False</VersionInfo>
						<VersionInfo Name="DLL">False</VersionInfo>
						<VersionInfo Name="Locale">1033</VersionInfo>
						<VersionInfo Name="CodePage">1252</VersionInfo>
					</VersionInfo>
					<VersionInfoKeys>
						<VersionInfoKeys Name="CompanyName"/>
						<VersionInfoKeys Name="FileDescription"/>
						<VersionInfoKeys Name="FileVersion">1.0.0.10</VersionInfoKeys>
						<VersionInfoKeys Name="InternalName"/>
						<VersionInfoKeys Name="LegalCopyright"/>
						<VersionInfoKeys Name="LegalTrademarks"/>
						<VersionInfoKeys Name="OriginalFilename"/>
						<VersionInfoKeys Name="ProductName"/>
						<VersionInfoKeys Name="ProductVersion">1.0.0.0</VersionInfoKeys>
						<VersionInfoKeys Name="Comments"/>
						<VersionInfoKeys Name="CFBundleName"/>
						<VersionInfoKeys Name="CFBundleDisplayName"/>
						<VersionInfoKeys Name="UIDeviceFamily"/>
						<VersionInfoKeys Name="CFBundleIdentifier"/>
						<VersionInfoKeys Name="CFBundleVersion"/>
						<VersionInfoKeys Name="CFBundlePackageType"/>
						<VersionInfoKeys Name="CFBundleSignature"/>
						<VersionInfoKeys Name="CFBundleAllowMixedLocalizations"/>
						<VersionInfoKeys Name="UISupportedInterfaceOrientations"/>
						<VersionInfoKeys Name="CFBundleExecutable"/>
						<VersionInfoKeys Name="CFBundleResourceSpecification"/>
						<VersionInfoKeys Name="LSRequiresIPhoneOS"/>
						<VersionInfoKeys Name="CFBundleInfoDictionaryVersion"/>
						<VersionInfoKeys Name="CFBundleDevelopmentRegion"/>
					</VersionInfoKeys>
					<Source>
						<Source Name="MainSource">pic18x_include_file_generator.dpr</Source>
					</Source>
					<Excluded_Packages>
						<Excluded_Packages Name="$(BDSBIN)\dcloffice2k150.bpl">Microsoft Office 2000 Sample Automation Server Wrapper Components</Excluded_Packages>
						<Excluded_Packages Name="$(BDSBIN)\dclofficexp150.bpl">Microsoft Office XP Sample Automation Server Wrapper Components</Excluded_Packages>
					</Excluded_Packages>
				</Delphi.Personality>
				<Deployment>
					<DeployFile Class="ProjectOutput" Configuration="Debug" LocalName="..\..\..\bin\pic18x_include_file_generator.exe">
						<Platform Name="Win32"/>
					</DeployFile>
					<DeployFile Class="DebugSymbols" Configuration="Debug" LocalName="..\..\..\bin\pic18x_include_file_generator.rsm">
						<Platform Name="Win32">
							<RemoteName>pic18x_include_file_generator.rsm</RemoteName>
						</Platform>
					</DeployFile>
					<DeployClass Name="DependencyPackage" Required="true">
						<Platform Name="iOSDevice">
							<Operation>1</Operation>
							<Extensions>.dylib</Extensions>
						</Platform>
						<Platform Name="Win32">
							<Operation>0</Operation>
							<Extensions>.bpl</Extensions>
						</Platform>
						<Platform Name="OSX32">
							<RemoteDir>Contents\MacOS</RemoteDir>
							<Operation>1</Operation>
							<Extensions>.dylib</Extensions>
						</Platform>
						<Platform Name="iOSSimulator">
							<Operation>1</Operation>
							<Extensions>.dylib</Extensions>
						</Platform>
					</DeployClass>
					<DeployClass Name="DependencyModule">
						<Platform Name="iOSDevice">
							<Operation>1</Operation>
							<Extensions>.dylib</Extensions>
						</Platform>
						<Platform Name="Win32">
							<Operation>0</Operation>
							<Extensions>.dll;.bpl</Extensions>
						</Platform>
						<Platform Name="OSX32">
							<RemoteDir>Contents\MacOS</RemoteDir>
							<Operation>1</Operation>
							<Extensions>.dylib</Extensions>
						</Platform>
						<Platform Name="iOSSimulator">
							<Operation>1</Operation>
							<Extensions>.dylib</Extensions>
						</Platform>
					</DeployClass>
					<DeployClass Name="iPad_Launch2048">
						<Platform Name="iOSDevice">
							<Operation>1</Operation>
						</Platform>
						<Platform Name="iOSSimulator">
							<Operation>1</Operation>
						</Platform>
					</DeployClass>
					<DeployClass Name="ProjectOSXInfoPList">
						<Platform Name="OSX32">
							<RemoteDir>Contents</RemoteDir>
							<Operation>1</Operation>
						</Platform>
					</DeployClass>
					<DeployClass Name="ProjectiOSDeviceInfoPList">
						<Platform Name="iOSDevice">
							<Operation>1</Operation>
						</Platform>
					</DeployClass>
					<DeployClass Name="ProjectiOSDeviceDebug">
						<Platform Name="iOSDevice">
							<RemoteDir>..\$(PROJECTNAME).app.dSYM\Contents\Resources\DWARF</RemoteDir>
							<Operation>1</Operation>
						</Platform>
					</DeployClass>
					<DeployClass Name="iPad_Launch1024">
						<Platform Name="iOSDevice">
							<Operation>1</Operation>
						</Platform>
						<Platform Name="iOSSimulator">
							<Operation>1</Operation>
						</Platform>
					</DeployClass>
					<DeployClass Name="ProjectiOSResource">
						<Platform Name="iOSDevice">
							<Operation>1</Operation>
						</Platform>
						<Platform Name="iOSSimulator">
							<Operation>1</Operation>
						</Platform>
					</DeployClass>
					<DeployClass Name="ProjectiOSSimulatorInfoPList">
						<Platform Name="iOSSimulator">
							<Operation>1</Operation>
						</Platform>
					</DeployClass>
					<DeployClass Name="ProjectOSXEntitlements">
						<Platform Name="OSX32">
							<RemoteDir>Contents</RemoteDir>
							<Operation>1</Operation>
						</Platform>
					</DeployClass>
					<DeployClass Name="iPhone_Launch640">
						<Platform Name="iOSDevice">
							<Operation>1</Operation>
						</Platform>
						<Platform Name="iOSSimulator">
							<Operation>1</Operation>
						</Platform>
					</DeployClass>
					<DeployClass Name="ProjectOSXResource">
						<Platform Name="OSX32">
							<RemoteDir>Contents\Resources</RemoteDir>
							<Operation>1</Operation>
						</Platform>
					</DeployClass>
					<DeployClass Name="iPhone_Launch320">
						<Platform Name="iOSDevice">
							<Operation>1</Operation>
						</Platform>
						<Platform Name="iOSSimulator">
							<Operation>1</Operation>
						</Platform>
					</DeployClass>
					<DeployClass Name="iPad_Launch768">
						<Platform Name="iOSDevice">
							<Operation>1</Operation>
						</Platform>
						<Platform Name="iOSSimulator">
							<Operation>1</Operation>
						</Platform>
					</DeployClass>
					<DeployClass Name="ProjectOutput" Required="true">
						<Platform Name="iOSDevice">
							<Operation>1</Operation>
						</Platform>
						<Platform Name="Win32">
							<Operation>0</Operation>
						</Platform>
						<Platform Name="OSX32">
							<RemoteDir>Contents\MacOS</RemoteDir>
							<Operation>1</Operation>
						</Platform>
						<Platform Name="iOSSimulator">
							<Operation>1</Operation>
						</Platform>
					</DeployClass>
					<DeployClass Name="ProjectiOSDeviceResourceRules">
						<Platform Name="iOSDevice">
							<Operation>1</Operation>
						</Platform>
					</DeployClass>
					<DeployClass Name="File">
						<Platform Name="iOSDevice">
							<Operation>0</Operation>
						</Platform>
						<Platform Name="Win32">
							<Operation>0</Operation>
						</Platform>
						<Platform Name="OSX32">
							<RemoteDir>Contents\MacOS</RemoteDir>
							<Operation>0</Operation>
						</Platform>
						<Platform Name="iOSSimulator">
							<Operation>0</Operation>
						</Platform>
					</DeployClass>
					<DeployClass Name="DebugSymbols">
						<Platform Name="OSX32">
							<RemoteDir>Contents\MacOS</RemoteDir>
							<Operation>1</Operation>
						</Platform>
						<Platform Name="iOSSimulator">
							<Operation>1</Operation>
						</Platform>
						<Platform Name="Win32">
							<Operation>0</Operation>
						</Platform>
					</DeployClass>
					<DeployClass Name="DependencyFramework">
						<Platform Name="OSX32">
							<RemoteDir>Contents\MacOS</RemoteDir>
							<Operation>1</Operation>
							<Extensions>.framework</Extensions>
						</Platform>
						<Platform Name="Win32">
							<Operation>0</Operation>
						</Platform>
					</DeployClass>
					<DeployClass Name="iPhone_Launch640x1136">
						<Platform Name="iOSDevice">
							<Operation>1</Operation>
						</Platform>
						<Platform Name="iOSSimulator">
							<Operation>1</Operation>
						</Platform>
					</DeployClass>
					<DeployClass Name="ProjectiOSEntitlements">
						<Platform Name="iOSDevice">
							<Operation>1</Operation>
						</Platform>
					</DeployClass>
					<DeployClass Name="iPad_Launch1536">
						<Platform Name="iOSDevice">
							<Operation>1</Operation>
						</Platform>
						<Platform Name="iOSSimulator">
							<Operation>1</Operation>
						</Platform>
					</DeployClass>
					<DeployClass Name="AdditionalDebugSymbols">
						<Platform Name="OSX32">
							<RemoteDir>Contents\MacOS</RemoteDir>
							<Operation>1</Operation>
						</Platform>
						<Platform Name="iOSSimulator">
							<Operation>1</Operation>
						</Platform>
						<Platform Name="Win32">
							<RemoteDir>Contents\MacOS</RemoteDir>
							<Operation>0</Operation>
						</Platform>
					</DeployClass>
					<ProjectRoot Platform="iOSDevice" Name="$(PROJECTNAME).app"/>
					<ProjectRoot Platform="Win32" Name="$(PROJECTNAME)"/>
					<ProjectRoot Platform="OSX32" Name="$(PROJECTNAME).app"/>
					<ProjectRoot Platform="iOSSimulator" Name="$(PROJECTNAME).app"/>
					<ProjectRoot Platform="Win64" Name="$(PROJECTNAME)"/>
				</Deployment>
				<Platforms>
					<Platform value="Win64">False</Platform>
					<Platform value="Win32">True</Platform>
				</Platforms>
			</BorlandProject>
			<ProjectFileVersion>12</ProjectFileVersion>
		</ProjectExtensions>
	</Project>
