<?xml version="1.0" encoding="utf-8"?>
<Project xmlns="http://schemas.microsoft.com/developer/msbuild/2003">
  <PropertyGroup>
    <ProjectGuid>{4454a265-8865-4f39-990d-1d3ae4231444}</ProjectGuid>
    <Configuration Condition=" '$(Configuration)' == '' ">Debug</Configuration>
    <Platform Condition=" '$(Platform)' == '' ">AnyCPU</Platform>
    <DCC_DCCCompiler>DCC32</DCC_DCCCompiler>
    <DCC_DependencyCheckOutputName>..\..\..\bin\run_pic18x_kernel_tests.exe</DCC_DependencyCheckOutputName>
    <MainSource>run_pic18x_kernel_tests.dpr</MainSource>
  </PropertyGroup>
  <PropertyGroup Condition=" '$(Configuration)|$(Platform)' == 'Release|AnyCPU' ">
    <Version>7.0</Version>
    <DCC_DebugInformation>False</DCC_DebugInformation>
    <DCC_LocalDebugSymbols>False</DCC_LocalDebugSymbols>
    <DCC_SymbolReferenceInfo>0</DCC_SymbolReferenceInfo>
    <DCC_Define>RELEASE</DCC_Define>
  </PropertyGroup>
  <PropertyGroup Condition=" '$(Configuration)|$(Platform)' == 'Debug|AnyCPU' ">
    <Version>7.0</Version>
    <DCC_Define>DEBUG;INCLUDE_SIMULATION;CONSOLE_TEST_MODE</DCC_Define>
    <DCC_IntegerOverflowCheck>True</DCC_IntegerOverflowCheck>
    <DCC_RangeChecking>True</DCC_RangeChecking>
    <DCC_ExeOutput>..\..\..\bin</DCC_ExeOutput>
    <DCC_DcuOutput>.\$(Platform)\$(Config)</DCC_DcuOutput>
    <DCC_ObjOutput>.\$(Platform)\$(Config)</DCC_ObjOutput>
    <DCC_HppOutput>.\$(Platform)\$(Config)</DCC_HppOutput>
    <DCC_UnitSearchPath>..\..\lib;..\..\lib\mparith;..\common;..\..\lib\fastmm</DCC_UnitSearchPath>
    <DCC_ResourcePath>..\..\lib;..\..\lib\mparith;..\common;..\..\lib\fastmm</DCC_ResourcePath>
    <DCC_ObjPath>..\..\lib;..\..\lib\mparith;..\common;..\..\lib\fastmm</DCC_ObjPath>
    <DCC_IncludePath>..\..\lib;..\..\lib\mparith;..\common;..\..\lib\fastmm</DCC_IncludePath>
  </PropertyGroup>
  <ProjectExtensions>
    <Borland.Personality>Delphi.Personality</Borland.Personality>
    <Borland.ProjectType />
    <BorlandProject>
<BorlandProject><Delphi.Personality><Parameters><Parameters Name="UseLauncher">False</Parameters><Parameters Name="LoadAllSymbols">True</Parameters><Parameters Name="LoadUnspecifiedSymbols">False</Parameters></Parameters><VersionInfo><VersionInfo Name="IncludeVerInfo">False</VersionInfo><VersionInfo Name="AutoIncBuild">False</VersionInfo><VersionInfo Name="MajorVer">1</VersionInfo><VersionInfo Name="MinorVer">0</VersionInfo><VersionInfo Name="Release">0</VersionInfo><VersionInfo Name="Build">0</VersionInfo><VersionInfo Name="Debug">False</VersionInfo><VersionInfo Name="PreRelease">False</VersionInfo><VersionInfo Name="Special">False</VersionInfo><VersionInfo Name="Private">False</VersionInfo><VersionInfo Name="DLL">False</VersionInfo><VersionInfo Name="Locale">1033</VersionInfo><VersionInfo Name="CodePage">1252</VersionInfo></VersionInfo><VersionInfoKeys><VersionInfoKeys Name="CompanyName"></VersionInfoKeys><VersionInfoKeys Name="FileDescription"></VersionInfoKeys><VersionInfoKeys Name="FileVersion">1.0.0.0</VersionInfoKeys><VersionInfoKeys Name="InternalName"></VersionInfoKeys><VersionInfoKeys Name="LegalCopyright"></VersionInfoKeys><VersionInfoKeys Name="LegalTrademarks"></VersionInfoKeys><VersionInfoKeys Name="OriginalFilename"></VersionInfoKeys><VersionInfoKeys Name="ProductName"></VersionInfoKeys><VersionInfoKeys Name="ProductVersion">1.0.0.0</VersionInfoKeys><VersionInfoKeys Name="Comments"></VersionInfoKeys></VersionInfoKeys><Source><Source Name="MainSource">run_pic18x_kernel_tests.dpr</Source></Source></Delphi.Personality></BorlandProject></BorlandProject>
  </ProjectExtensions>
  <Import Project="$(MSBuildBinPath)\Borland.Delphi.Targets" />
  <PropertyGroup>
    <PreBuildEvent>del run_pic18x_kernel_tests.res</PreBuildEvent>
    <PostBuildEvent>resourcehacker.exe -script resourcehacker_script.txt
del run_pic18x_kernel_tests.res</PostBuildEvent>
  </PropertyGroup>
  <ItemGroup>
    <DelphiCompile Include="run_pic18x_kernel_tests.dpr">
      <MainSource>MainSource</MainSource>
    </DelphiCompile>
    <DCCReference Include="..\..\common\aboutbox_unit.pas">
      <Form>AboutBoxForm</Form>
    </DCCReference>
    <DCCReference Include="..\..\cpc_core\cpc_access_unit.pas" />
    <DCCReference Include="..\..\cpc_core\cpc_blocks_unit.pas" />
    <DCCReference Include="..\..\cpc_core\cpc_common_unit.pas" />
    <DCCReference Include="..\..\cpc_core\cpc_constant_expression_unit.pas" />
    <DCCReference Include="..\..\cpc_core\cpc_core_objects_unit.pas" />
    <DCCReference Include="..\..\cpc_core\cpc_definitions_unit.pas" />
    <DCCReference Include="..\..\cpc_core\cpc_expressions_unit.pas" />
    <DCCReference Include="..\..\cpc_core\cpc_main_compiler_unit.pas" />
    <DCCReference Include="..\..\cpc_core\cpc_multi_precision_integer_unit.pas" />
    <DCCReference Include="..\..\cpc_core\cpc_simple_expression_unit.pas" />
    <DCCReference Include="..\..\cpc_core\cpc_source_analysis_unit.pas" />
    <DCCReference Include="..\..\cpc_core\cpc_statements_unit.pas" />
    <DCCReference Include="..\..\cpc_core\cpc_target_cpu_unit.pas" />
    <DCCReference Include="..\..\cpc_core\cpc_term_expression_unit.pas" />
    <DCCReference Include="..\..\cpc_core\cpc_types_unit.pas" />
    <DCCReference Include="..\common\pic18x_aboutbox_unit.pas">
      <Form>PIC18xAboutBoxForm</Form>
    </DCCReference>
    <DCCReference Include="..\pic18x_access_unit.pas" />
    <DCCReference Include="..\pic18x_assignment_statement_unit.pas" />
    <DCCReference Include="..\pic18x_blocks_unit.pas" />
    <DCCReference Include="..\pic18x_core_objects_unit.pas" />
    <DCCReference Include="..\pic18x_cpu_unit.pas" />
    <DCCReference Include="..\pic18x_expressions_unit.pas" />
    <DCCReference Include="..\pic18x_floating_point_unit.pas" />
    <DCCReference Include="..\pic18x_instructions_unit.pas" />
    <DCCReference Include="..\pic18x_instruction_simulation_test_unit.pas" />
    <DCCReference Include="..\pic18x_kernel_unit.pas" />
    <DCCReference Include="..\pic18x_macro_instructions_unit.pas" />
    <DCCReference Include="..\pic18x_main_compiler_unit.pas" />
    <DCCReference Include="..\pic18x_microprocessor_information_unit.pas" />
    <DCCReference Include="..\pic18x_multiply_divide_unit.pas" />
    <DCCReference Include="..\pic18x_ram_map_unit.pas" />
    <DCCReference Include="..\pic18x_run_time_error_check_unit.pas" />
    <DCCReference Include="..\pic18x_simple_expression_unit.pas" />
    <DCCReference Include="..\pic18x_statements_unit.pas" />
    <DCCReference Include="..\pic18x_string_unit.pas" />
    <DCCReference Include="..\pic18x_term_expression_unit.pas" />
    <DCCReference Include="..\pic18x_types_unit.pas" />
    <DCCReference Include="..\test_pic18x_compiler_unit.pas" />
    <DCCReference Include="..\test_pic18x_kernel_unit.pas" />
    <DCCReference Include="..\test_pic18x_simulator_unit.pas" />
    <DCCReference Include="..\test_pic18x_subroutines_unit.pas" />
    <DCCReference Include="run_pic18x_kernel_tests_aboutbox_unit.pas">
      <Form>RunPIC18xKernelTestsAboutBoxForm</Form>
    </DCCReference>
  </ItemGroup>
</Project>