<Project xmlns="http://schemas.microsoft.com/developer/msbuild/2003">
    <PropertyGroup>
        <ProjectGuid>{7B9698D6-58F8-4179-8B1B-878C09BBD5AA}</ProjectGuid>
        <MainSource>test_cpc_pic18x.dpr</MainSource>
        <Config Condition="'$(Config)'==''">Debug</Config>
        <DCC_DCCCompiler>DCC32</DCC_DCCCompiler>
        <ProjectVersion>14.6</ProjectVersion>
        <FrameworkType>VCL</FrameworkType>
        <Base>True</Base>
        <Platform Condition="'$(Platform)'==''">Win32</Platform>
        <TargetedPlatforms>3</TargetedPlatforms>
        <AppType>Application</AppType>
        <Platform>Win32</Platform>
    </PropertyGroup>
    <PropertyGroup Condition="'$(Config)'=='Base' or '$(Base)'!=''">
        <Base>true</Base>
    </PropertyGroup>
    <PropertyGroup Condition="'$(Config)'=='Release' or '$(Cfg_1)'!=''">
        <Cfg_1>true</Cfg_1>
        <CfgParent>Base</CfgParent>
        <Base>true</Base>
    </PropertyGroup>
    <PropertyGroup Condition="'$(Config)'=='Debug' or '$(Cfg_2)'!=''">
        <Cfg_2>true</Cfg_2>
        <CfgParent>Base</CfgParent>
        <Base>true</Base>
    </PropertyGroup>
    <PropertyGroup Condition="('$(Platform)'=='Win32' and '$(Cfg_2)'=='true') or '$(Cfg_2_Win32)'!=''">
        <Cfg_2_Win32>true</Cfg_2_Win32>
        <CfgParent>Cfg_2</CfgParent>
        <Cfg_2>true</Cfg_2>
        <Base>true</Base>
    </PropertyGroup>
    <PropertyGroup Condition="'$(Base)'!=''">
        <DCC_Namespace>Vcl;Vcl.Imaging;Vcl.Touch;Vcl.Samples;Vcl.Shell;System;Xml;Data;Datasnap;Web;Soap;$(DCC_Namespace)</DCC_Namespace>
        <VerInfo_Locale>1033</VerInfo_Locale>
        <VerInfo_Keys>CompanyName=;FileDescription=;FileVersion=1.0.0.0;InternalName=;LegalCopyright=;LegalTrademarks=;OriginalFilename=;ProductName=;ProductVersion=1.0.0.0;Comments=</VerInfo_Keys>
        <DCC_UsePackage>vclx;vcl;vclimg;dbrtl;Rave77VCL;bdertl;rtl;vclactnband;vcldb;vcldbx;vcltouch;xmlrtl;dsnap;dsnapcon;TeeUI;TeeDB;Tee;adortl;IndyCore;IndySystem;IndyProtocols;inet;intrawebdb_100_140;Intraweb_100_140;VclSmp;vclie;inetdb;webdsnap;websnap;inetdbbde;inetdbxpress;soaprtl;vclribbon;DbxCommonDriver;DbxClientDriver;DBXInterBaseDriver;DBXMySQLDriver;dbexpress;dbxcds;CPortLib12;adsd2010studio;dclOfficeXP;AsyncPro;madBasic_;madDisAsm_;madExcept_;JclDeveloperTools;Jcl;JclVcl;JclContainers;JvCore;JvSystem;JvStdCtrls;JvAppFrm;JvBands;JvDB;JvDlgs;JvBDE;JvControls;JvCmp;JvCrypt;JvCustom;JvDocking;JvDotNetCtrls;JvGlobus;JvHMI;JvJans;JvManagedThreads;JvMM;JvNet;JvPageComps;JvPascalInterpreter;JvPluginSystem;JvPrintPreview;JvRuntimeDesign;JvTimeFramework;JvWizards;JvXPCtrls;TStateMachinePackage;$(DCC_UsePackage)</DCC_UsePackage>
        <BRCC_OutputDir>..\..\obj\cpc_pic18e_test\</BRCC_OutputDir>
        <DCC_ExeOutput>..\..\bin\</DCC_ExeOutput>
        <DCC_DcuOutput>..\..\obj\cpc_pic18x_test\</DCC_DcuOutput>
        <DCC_Define>INCLUDE_SIMULATION;$(DCC_Define)</DCC_Define>
        <DCC_RangeChecking>true</DCC_RangeChecking>
        <DCC_Optimize>false</DCC_Optimize>
        <DCC_DependencyCheckOutputName>..\..\bin\test_cpc_pic18x.exe</DCC_DependencyCheckOutputName>
        <DCC_IntegerOverflowCheck>true</DCC_IntegerOverflowCheck>
        <DCC_UnitSearchPath>..\cpc_core;..\lib;..\lib\fastmm;..\lib\mparith;$(DCC_UnitSearchPath)</DCC_UnitSearchPath>
        <DCC_ImageBase>00400000</DCC_ImageBase>
        <DCC_Platform>x86</DCC_Platform>
    </PropertyGroup>
    <PropertyGroup Condition="'$(Cfg_1)'!=''">
        <DCC_LocalDebugSymbols>false</DCC_LocalDebugSymbols>
        <DCC_Define>RELEASE;$(DCC_Define)</DCC_Define>
        <DCC_SymbolReferenceInfo>0</DCC_SymbolReferenceInfo>
        <DCC_DebugInformation>false</DCC_DebugInformation>
    </PropertyGroup>
    <PropertyGroup Condition="'$(Cfg_2)'!=''">
        <DCC_Define>DEBUG;$(DCC_Define)</DCC_Define>
    </PropertyGroup>
    <PropertyGroup Condition="'$(Cfg_2_Win32)'!=''">
        <DCC_DcuOutput>..\..\obj\test_cpc_pic18x\</DCC_DcuOutput>
        <DCC_MapFile>3</DCC_MapFile>
        <DCC_Namespace>winapi;$(DCC_Namespace)</DCC_Namespace>
        <Manifest_File>None</Manifest_File>
    </PropertyGroup>
    <ItemGroup>
        <DelphiCompile Include="$(MainSource)">
            <MainSource>MainSource</MainSource>
        </DelphiCompile>
        <DCCReference Include="test_pic18x_compiler_main_form_unit.pas">
            <Form>MainForm</Form>
        </DCCReference>
        <DCCReference Include="test_pic18x_compiler_unit.pas"/>
        <DCCReference Include="test_pic18x_simulator_unit.pas"/>
        <DCCReference Include="pic18x_instruction_simulation_test_unit.pas"/>
        <DCCReference Include="pic18x_macro_instructions_unit.pas"/>
        <DCCReference Include="pic18x_multiply_divide_unit.pas"/>
        <DCCReference Include="pic18x_cpu_unit.pas"/>
        <DCCReference Include="pic18x_expressions_unit.pas"/>
        <DCCReference Include="pic18x_instructions_unit.pas"/>
        <DCCReference Include="pic18x_statements_unit.pas"/>
        <DCCReference Include="pic18x_run_time_error_check_unit.pas"/>
        <DCCReference Include="pic18x_access_unit.pas"/>
        <DCCReference Include="pic18x_term_expression_unit.pas"/>
        <DCCReference Include="pic18x_simple_expression_unit.pas"/>
        <DCCReference Include="pic18x_blocks_unit.pas"/>
        <DCCReference Include="pic18x_core_objects_unit.pas"/>
        <DCCReference Include="pic18x_types_unit.pas"/>
        <DCCReference Include="..\cpc_core\cpc_access_unit.pas"/>
        <DCCReference Include="..\cpc_core\cpc_blocks_unit.pas"/>
        <DCCReference Include="..\cpc_core\cpc_common_unit.pas"/>
        <DCCReference Include="..\cpc_core\cpc_constant_expression_unit.pas"/>
        <DCCReference Include="..\cpc_core\cpc_core_objects_unit.pas"/>
        <DCCReference Include="..\cpc_core\cpc_definitions_unit.pas"/>
        <DCCReference Include="..\cpc_core\cpc_expressions_unit.pas"/>
        <DCCReference Include="..\cpc_core\cpc_main_compiler_unit.pas"/>
        <DCCReference Include="..\cpc_core\cpc_multi_precision_integer_unit.pas"/>
        <DCCReference Include="..\cpc_core\cpc_simple_expression_unit.pas"/>
        <DCCReference Include="..\cpc_core\cpc_source_analysis_unit.pas"/>
        <DCCReference Include="..\cpc_core\cpc_statements_unit.pas"/>
        <DCCReference Include="..\cpc_core\cpc_target_cpu_unit.pas"/>
        <DCCReference Include="..\cpc_core\cpc_term_expression_unit.pas"/>
        <DCCReference Include="..\cpc_core\cpc_types_unit.pas"/>
        <DCCReference Include="pic18x_microprocessor_information_unit.pas"/>
        <DCCReference Include="..\lib\dijkstra_smoothsort_unit.pas"/>
        <DCCReference Include="..\lib\wirth_balanced_binary_tree_unit.pas"/>
        <DCCReference Include="pic18x_floating_point_unit.pas"/>
        <DCCReference Include="pic18x_kernel_unit.pas"/>
        <DCCReference Include="pic18x_string_unit.pas"/>
        <DCCReference Include="test_pic18x_kernel_unit.pas"/>
        <DCCReference Include="..\lib\delphidabbler\UWebBrowserWrapper.pas"/>
        <DCCReference Include="pic18x_assignment_statement_unit.pas"/>
        <DCCReference Include="common\pic18x_common_unit.pas"/>
        <DCCReference Include="pic18x_main_compiler_unit.pas"/>
        <None Include="test_cpc_pic18x.todo"/>
        <BuildConfiguration Include="Debug">
            <Key>Cfg_2</Key>
            <CfgParent>Base</CfgParent>
        </BuildConfiguration>
        <BuildConfiguration Include="Base">
            <Key>Base</Key>
        </BuildConfiguration>
        <BuildConfiguration Include="Release">
            <Key>Cfg_1</Key>
            <CfgParent>Base</CfgParent>
        </BuildConfiguration>
    </ItemGroup>
    <Import Condition="Exists('$(BDS)\Bin\CodeGear.Delphi.Targets')" Project="$(BDS)\Bin\CodeGear.Delphi.Targets"/>
    <ProjectExtensions>
        <Borland.Personality>Delphi.Personality.12</Borland.Personality>
        <Borland.ProjectType>VCLApplication</Borland.ProjectType>
        <BorlandProject>
            <Delphi.Personality>
                <Source>
                    <Source Name="MainSource">test_cpc_pic18x.dpr</Source>
                </Source>
                <Parameters>
                    <Parameters Name="UseLauncher">False</Parameters>
                    <Parameters Name="LoadAllSymbols">True</Parameters>
                    <Parameters Name="LoadUnspecifiedSymbols">False</Parameters>
                </Parameters>
                <VersionInfo>
                    <VersionInfo Name="IncludeVerInfo">True</VersionInfo>
                    <VersionInfo Name="AutoIncBuild">False</VersionInfo>
                    <VersionInfo Name="MajorVer">1</VersionInfo>
                    <VersionInfo Name="MinorVer">0</VersionInfo>
                    <VersionInfo Name="Release">0</VersionInfo>
                    <VersionInfo Name="Build">0</VersionInfo>
                    <VersionInfo Name="Debug">False</VersionInfo>
                    <VersionInfo Name="PreRelease">False</VersionInfo>
                    <VersionInfo Name="Special">False</VersionInfo>
                    <VersionInfo Name="Private">False</VersionInfo>
                    <VersionInfo Name="DLL">False</VersionInfo>
                    <VersionInfo Name="Locale">1033</VersionInfo>
                    <VersionInfo Name="CodePage">1252</VersionInfo>
                </VersionInfo>
                <VersionInfoKeys>
                    <VersionInfoKeys Name="CompanyName"/>
                    <VersionInfoKeys Name="FileDescription"/>
                    <VersionInfoKeys Name="FileVersion">1.0.0.0</VersionInfoKeys>
                    <VersionInfoKeys Name="InternalName"/>
                    <VersionInfoKeys Name="LegalCopyright"/>
                    <VersionInfoKeys Name="LegalTrademarks"/>
                    <VersionInfoKeys Name="OriginalFilename"/>
                    <VersionInfoKeys Name="ProductName"/>
                    <VersionInfoKeys Name="ProductVersion">1.0.0.0</VersionInfoKeys>
                    <VersionInfoKeys Name="Comments"/>
                </VersionInfoKeys>
                <Excluded_Packages>
                    <Excluded_Packages Name="$(BDSBIN)\dcloffice2k180.bpl">Microsoft Office 2000 Sample Automation Server Wrapper Components</Excluded_Packages>
                    <Excluded_Packages Name="$(BDSBIN)\dclofficexp180.bpl">Microsoft Office XP Sample Automation Server Wrapper Components</Excluded_Packages>
                </Excluded_Packages>
            </Delphi.Personality>
            <Platforms>
                <Platform value="Win32">True</Platform>
                <Platform value="Win64">True</Platform>
            </Platforms>
        </BorlandProject>
        <ProjectFileVersion>12</ProjectFileVersion>
    </ProjectExtensions>
    <Import Condition="Exists('$(APPDATA)\Embarcadero\$(BDSAPPDATABASEDIR)\$(PRODUCTVERSION)\UserTools.proj')" Project="$(APPDATA)\Embarcadero\$(BDSAPPDATABASEDIR)\$(PRODUCTVERSION)\UserTools.proj"/>
</Project>
