<?xml version="1.0" encoding="UTF-8"?>
<CONFIG>
  <ProjectOptions>
    <Version Value="10"/>
    <PathDelim Value="\"/>
    <General>
      <SessionStorage Value="InProjectDir"/>
      <MainUnit Value="0"/>
      <Title Value="cpc_pic18x_dev"/>
      <ResourceType Value="res"/>
      <UseXPManifest Value="True"/>
      <Resources Count="3">
        <Resource_0 FileName="..\..\common\cp_logo.bmp" Type="BITMAP" ResourceName="CP_LOGO"/>
        <Resource_1 FileName="..\..\common\lazarus_logo.bmp" Type="BITMAP" ResourceName="LAZARUS_LOGO"/>
        <Resource_2 FileName="..\..\common\mainicon.ico" Type="ICON" ResourceName="MAINICON"/>
      </Resources>
    </General>
    <i18n>
      <EnableI18N LFM="False"/>
    </i18n>
    <BuildModes Count="1">
      <Item1 Name="Default" Default="True"/>
      <SharedMatrixOptions Count="2">
        <Item1 ID="823833541104" Modes="Default" Value="-dHAS_ASSERT"/>
        <Item2 ID="322414332367" Modes="Default" Value="-dINCLUDE_SIMULATION"/>
      </SharedMatrixOptions>
    </BuildModes>
    <PublishOptions>
      <Version Value="2"/>
    </PublishOptions>
    <RunParams>
      <local>
        <FormatVersion Value="1"/>
      </local>
    </RunParams>
    <RequiredPackages Count="2">
      <Item1>
        <PackageName Value="Printer4Lazarus"/>
      </Item1>
      <Item2>
        <PackageName Value="LCL"/>
      </Item2>
    </RequiredPackages>
    <Units Count="48">
      <Unit0>
        <Filename Value="cpc_pic18x_dev.dpr"/>
        <IsPartOfProject Value="True"/>
      </Unit0>
      <Unit1>
        <Filename Value="..\..\cpc_core\cpc_multi_precision_integer_unit.pas"/>
        <IsPartOfProject Value="True"/>
      </Unit1>
      <Unit2>
        <Filename Value="..\pic18x_microprocessor_information_unit.pas"/>
        <IsPartOfProject Value="True"/>
      </Unit2>
      <Unit3>
        <Filename Value="..\..\cpc_core\cpc_expressions_unit.pas"/>
        <IsPartOfProject Value="True"/>
      </Unit3>
      <Unit4>
        <Filename Value="..\pic18x_instructions_unit.pas"/>
        <IsPartOfProject Value="True"/>
      </Unit4>
      <Unit5>
        <Filename Value="..\test_pic18x_kernel_unit.pas"/>
        <IsPartOfProject Value="True"/>
      </Unit5>
      <Unit6>
        <Filename Value="..\pic18x_macro_instructions_unit.pas"/>
        <IsPartOfProject Value="True"/>
      </Unit6>
      <Unit7>
        <Filename Value="..\test_pic18x_compiler_unit.pas"/>
        <IsPartOfProject Value="True"/>
      </Unit7>
      <Unit8>
        <Filename Value="..\pic18x_multiply_divide_unit.pas"/>
        <IsPartOfProject Value="True"/>
      </Unit8>
      <Unit9>
        <Filename Value="..\pic18x_main_compiler_unit.pas"/>
        <IsPartOfProject Value="True"/>
      </Unit9>
      <Unit10>
        <Filename Value="..\pic18x_floating_point_unit.pas"/>
        <IsPartOfProject Value="True"/>
      </Unit10>
      <Unit11>
        <Filename Value="..\pic18x_access_unit.pas"/>
        <IsPartOfProject Value="True"/>
      </Unit11>
      <Unit12>
        <Filename Value="..\pic18x_string_unit.pas"/>
        <IsPartOfProject Value="True"/>
      </Unit12>
      <Unit13>
        <Filename Value="..\pic18x_assignment_statement_unit.pas"/>
        <IsPartOfProject Value="True"/>
      </Unit13>
      <Unit14>
        <Filename Value="..\test_pic18x_simulator_unit.pas"/>
        <IsPartOfProject Value="True"/>
      </Unit14>
      <Unit15>
        <Filename Value="..\pic18x_instruction_simulation_test_unit.pas"/>
        <IsPartOfProject Value="True"/>
      </Unit15>
      <Unit16>
        <Filename Value="..\pic18x_cpu_unit.pas"/>
        <IsPartOfProject Value="True"/>
      </Unit16>
      <Unit17>
        <Filename Value="..\pic18x_expressions_unit.pas"/>
        <IsPartOfProject Value="True"/>
      </Unit17>
      <Unit18>
        <Filename Value="..\pic18x_statements_unit.pas"/>
        <IsPartOfProject Value="True"/>
      </Unit18>
      <Unit19>
        <Filename Value="..\pic18x_run_time_error_check_unit.pas"/>
        <IsPartOfProject Value="True"/>
      </Unit19>
      <Unit20>
        <Filename Value="..\pic18x_term_expression_unit.pas"/>
        <IsPartOfProject Value="True"/>
      </Unit20>
      <Unit21>
        <Filename Value="..\pic18x_simple_expression_unit.pas"/>
        <IsPartOfProject Value="True"/>
      </Unit21>
      <Unit22>
        <Filename Value="..\pic18x_blocks_unit.pas"/>
        <IsPartOfProject Value="True"/>
      </Unit22>
      <Unit23>
        <Filename Value="..\pic18x_core_objects_unit.pas"/>
        <IsPartOfProject Value="True"/>
      </Unit23>
      <Unit24>
        <Filename Value="..\pic18x_types_unit.pas"/>
        <IsPartOfProject Value="True"/>
      </Unit24>
      <Unit25>
        <Filename Value="..\..\cpc_core\cpc_access_unit.pas"/>
        <IsPartOfProject Value="True"/>
      </Unit25>
      <Unit26>
        <Filename Value="..\..\cpc_core\cpc_blocks_unit.pas"/>
        <IsPartOfProject Value="True"/>
      </Unit26>
      <Unit27>
        <Filename Value="..\..\cpc_core\cpc_common_unit.pas"/>
        <IsPartOfProject Value="True"/>
      </Unit27>
      <Unit28>
        <Filename Value="..\..\cpc_core\cpc_constant_expression_unit.pas"/>
        <IsPartOfProject Value="True"/>
      </Unit28>
      <Unit29>
        <Filename Value="..\..\cpc_core\cpc_core_objects_unit.pas"/>
        <IsPartOfProject Value="True"/>
      </Unit29>
      <Unit30>
        <Filename Value="..\..\cpc_core\cpc_definitions_unit.pas"/>
        <IsPartOfProject Value="True"/>
      </Unit30>
      <Unit31>
        <Filename Value="..\..\cpc_core\cpc_main_compiler_unit.pas"/>
        <IsPartOfProject Value="True"/>
      </Unit31>
      <Unit32>
        <Filename Value="..\..\cpc_core\cpc_simple_expression_unit.pas"/>
        <IsPartOfProject Value="True"/>
      </Unit32>
      <Unit33>
        <Filename Value="..\..\cpc_core\cpc_source_analysis_unit.pas"/>
        <IsPartOfProject Value="True"/>
      </Unit33>
      <Unit34>
        <Filename Value="..\..\cpc_core\cpc_statements_unit.pas"/>
        <IsPartOfProject Value="True"/>
      </Unit34>
      <Unit35>
        <Filename Value="..\..\cpc_core\cpc_target_cpu_unit.pas"/>
        <IsPartOfProject Value="True"/>
      </Unit35>
      <Unit36>
        <Filename Value="..\..\cpc_core\cpc_term_expression_unit.pas"/>
        <IsPartOfProject Value="True"/>
      </Unit36>
      <Unit37>
        <Filename Value="..\..\cpc_core\cpc_types_unit.pas"/>
        <IsPartOfProject Value="True"/>
      </Unit37>
      <Unit38>
        <Filename Value="..\..\lib\dijkstra_smoothsort_unit.pas"/>
        <IsPartOfProject Value="True"/>
      </Unit38>
      <Unit39>
        <Filename Value="..\..\lib\wirth_balanced_binary_tree_unit.pas"/>
        <IsPartOfProject Value="True"/>
      </Unit39>
      <Unit40>
        <Filename Value="..\pic18x_kernel_unit.pas"/>
        <IsPartOfProject Value="True"/>
      </Unit40>
      <Unit41>
        <Filename Value="..\common\pic18x_common_unit.pas"/>
        <IsPartOfProject Value="True"/>
      </Unit41>
      <Unit42>
        <Filename Value="main_form_unit.pas"/>
        <IsPartOfProject Value="True"/>
        <ComponentName Value="MainForm"/>
        <HasResources Value="True"/>
        <ResourceBaseClass Value="Form"/>
      </Unit42>
      <Unit43>
        <Filename Value="pic18x_compiler_dev_aboutbox_unit.pas"/>
        <IsPartOfProject Value="True"/>
        <HasResources Value="True"/>
      </Unit43>
      <Unit44>
        <Filename Value="..\..\common\aboutbox_unit.pas"/>
        <IsPartOfProject Value="True"/>
        <ComponentName Value="AboutBoxForm"/>
        <HasResources Value="True"/>
        <ResourceBaseClass Value="Form"/>
      </Unit44>
      <Unit45>
        <Filename Value="..\common\pic18x_aboutbox_unit.pas"/>
        <IsPartOfProject Value="True"/>
        <HasResources Value="True"/>
      </Unit45>
      <Unit46>
        <Filename Value="..\pic18x_ram_map_unit.pas"/>
        <IsPartOfProject Value="True"/>
      </Unit46>
      <Unit47>
        <Filename Value="..\test_pic18x_subroutines_unit.pas"/>
        <IsPartOfProject Value="True"/>
      </Unit47>
    </Units>
  </ProjectOptions>
  <CompilerOptions>
    <Version Value="11"/>
    <PathDelim Value="\"/>
    <Target>
      <Filename Value="..\..\..\bin\cpc_pic18x_dev"/>
    </Target>
    <SearchPaths>
      <IncludeFiles Value="..\..\cpc_core;..\..\lib;..\common;$(ProjOutDir)"/>
      <OtherUnitFiles Value="..\..\cpc_core;..\..\lib;..\..\lib\fastmm;..\..\lib\mparith;common"/>
      <UnitOutputDirectory Value="obj"/>
    </SearchPaths>
    <Parsing>
      <SyntaxOptions>
        <IncludeAssertionCode Value="True"/>
      </SyntaxOptions>
    </Parsing>
    <CodeGeneration>
      <Checks>
        <IOChecks Value="True"/>
        <RangeChecks Value="True"/>
        <OverflowChecks Value="True"/>
        <StackChecks Value="True"/>
      </Checks>
    </CodeGeneration>
    <Linking>
      <Options>
        <Win32>
          <GraphicApplication Value="True"/>
        </Win32>
      </Options>
    </Linking>
    <Other>
      <CustomOptions Value="-al
-dBorland
-dVer150
-dDelphi7
-dCompiler6_Up
-dPUREPASCAL"/>
    </Other>
  </CompilerOptions>
  <Debugging>
    <Exceptions Count="12">
      <Item1>
        <Name Value="EAbort"/>
      </Item1>
      <Item2>
        <Name Value="ECodetoolError"/>
      </Item2>
      <Item3>
        <Name Value="EFOpenError"/>
      </Item3>
      <Item4>
        <Name Value="ETermExpressionSimplification"/>
      </Item4>
      <Item5>
        <Name Value="ESimpleExpressionSimplification"/>
      </Item5>
      <Item6>
        <Name Value="ERelationalExpressionSimplification"/>
      </Item6>
      <Item7>
        <Name Value="EPrimaryExpressionSimplification"/>
      </Item7>
      <Item8>
        <Name Value="compile_error"/>
      </Item8>
      <Item9>
        <Name Value="EConstantExpressionSimplification"/>
      </Item9>
      <Item10>
        <Name Value="EStatementSimplification"/>
      </Item10>
      <Item11>
        <Name Value="ESymbolAlreadyInSymbolTable"/>
      </Item11>
      <Item12>
        <Name Value="EFileDoesntExist"/>
      </Item12>
    </Exceptions>
  </Debugging>
</CONFIG>
